
Microsoft Visual Studio Solution File, Format Version 12.00
# Visual Studio 15
VisualStudioVersion = 15.0.26403.7
MinimumVisualStudioVersion = 10.0.40219.1
Project("{2150E333-8FDC-42A3-9474-1A3956D46DE8}") = "test", "test", "{E6AFB850-E9AE-44FD-860E-2C90592A9FA4}"
EndProject
Project("{2150E333-8FDC-42A3-9474-1A3956D46DE8}") = "Soultion Items", "Soultion Items", "{F9BB53FA-3433-4AE6-A527-BA8961D03E72}"
	ProjectSection(SolutionItems) = preProject
		.gitattributes = .gitattributes
		.gitignore = .gitignore
		appveyor.yml = appveyor.yml
		LICENSE = LICENSE
		README.md = README.md
	EndProjectSection
EndProject
Project("{9A19103F-16F7-4668-BE54-9A1E7A4F7556}") = "Enchilada", "src\Enchilada\Enchilada.csproj", "{7AD94B7A-554D-4FF0-814B-A303FC2ECEED}"
EndProject
Project("{9A19103F-16F7-4668-BE54-9A1E7A4F7556}") = "Enchilada.Tests.Integration", "tests\Enchilada.Tests.Integration\Enchilada.Tests.Integration.csproj", "{95BE51D4-0195-4E0B-9A8B-DD737DF3B84B}"
EndProject
Project("{9A19103F-16F7-4668-BE54-9A1E7A4F7556}") = "Enchilada.Azure", "src\Enchilada.Azure\Enchilada.Azure.csproj", "{A938BCB5-D6C7-401C-97FB-306DF25B74CA}"
EndProject
Project("{9A19103F-16F7-4668-BE54-9A1E7A4F7556}") = "Enchilada.Azure.Tests.Integration", "tests\Enchilada.Azure.Tests.Integration\Enchilada.Azure.Tests.Integration.csproj", "{AE7A1FCC-5590-4C9E-AF41-698965C6938A}"
EndProject
Project("{9A19103F-16F7-4668-BE54-9A1E7A4F7556}") = "Enchilada.AspNetCore", "src\Enchilada.AspNetCore\Enchilada.AspNetCore.csproj", "{B5A6AAC4-AEF8-4218-9D0D-7D07ABDA02BC}"
EndProject
Project("{9A19103F-16F7-4668-BE54-9A1E7A4F7556}") = "Enchilada.Ftp", "src\Enchilada.Ftp\Enchilada.Ftp.csproj", "{09BBF3DD-9B01-4005-AB1B-88653D4248A0}"
EndProject
Project("{9A19103F-16F7-4668-BE54-9A1E7A4F7556}") = "Enchilada.Ftp.Tests.Integration", "tests\Enchilada.Ftp.Tests.Integration\Enchilada.Ftp.Tests.Integration.csproj", "{EB673D64-44AF-46D1-A696-6822CCD88D2C}"
EndProject
Global
	GlobalSection(SolutionConfigurationPlatforms) = preSolution
		Debug|Any CPU = Debug|Any CPU
		Release|Any CPU = Release|Any CPU
	EndGlobalSection
	GlobalSection(ProjectConfigurationPlatforms) = postSolution
		{7AD94B7A-554D-4FF0-814B-A303FC2ECEED}.Debug|Any CPU.ActiveCfg = Debug|Any CPU
		{7AD94B7A-554D-4FF0-814B-A303FC2ECEED}.Debug|Any CPU.Build.0 = Debug|Any CPU
		{7AD94B7A-554D-4FF0-814B-A303FC2ECEED}.Release|Any CPU.ActiveCfg = Release|Any CPU
		{7AD94B7A-554D-4FF0-814B-A303FC2ECEED}.Release|Any CPU.Build.0 = Release|Any CPU
		{95BE51D4-0195-4E0B-9A8B-DD737DF3B84B}.Debug|Any CPU.ActiveCfg = Debug|Any CPU
		{95BE51D4-0195-4E0B-9A8B-DD737DF3B84B}.Debug|Any CPU.Build.0 = Debug|Any CPU
		{95BE51D4-0195-4E0B-9A8B-DD737DF3B84B}.Release|Any CPU.ActiveCfg = Release|Any CPU
		{95BE51D4-0195-4E0B-9A8B-DD737DF3B84B}.Release|Any CPU.Build.0 = Release|Any CPU
		{A938BCB5-D6C7-401C-97FB-306DF25B74CA}.Debug|Any CPU.ActiveCfg = Debug|Any CPU
		{A938BCB5-D6C7-401C-97FB-306DF25B74CA}.Debug|Any CPU.Build.0 = Debug|Any CPU
		{A938BCB5-D6C7-401C-97FB-306DF25B74CA}.Release|Any CPU.ActiveCfg = Release|Any CPU
		{A938BCB5-D6C7-401C-97FB-306DF25B74CA}.Release|Any CPU.Build.0 = Release|Any CPU
		{AE7A1FCC-5590-4C9E-AF41-698965C6938A}.Debug|Any CPU.ActiveCfg = Debug|Any CPU
		{AE7A1FCC-5590-4C9E-AF41-698965C6938A}.Debug|Any CPU.Build.0 = Debug|Any CPU
		{AE7A1FCC-5590-4C9E-AF41-698965C6938A}.Release|Any CPU.ActiveCfg = Release|Any CPU
		{AE7A1FCC-5590-4C9E-AF41-698965C6938A}.Release|Any CPU.Build.0 = Release|Any CPU
		{B5A6AAC4-AEF8-4218-9D0D-7D07ABDA02BC}.Debug|Any CPU.ActiveCfg = Debug|Any CPU
		{B5A6AAC4-AEF8-4218-9D0D-7D07ABDA02BC}.Debug|Any CPU.Build.0 = Debug|Any CPU
		{B5A6AAC4-AEF8-4218-9D0D-7D07ABDA02BC}.Release|Any CPU.ActiveCfg = Release|Any CPU
		{B5A6AAC4-AEF8-4218-9D0D-7D07ABDA02BC}.Release|Any CPU.Build.0 = Release|Any CPU
		{09BBF3DD-9B01-4005-AB1B-88653D4248A0}.Debug|Any CPU.ActiveCfg = Debug|Any CPU
		{09BBF3DD-9B01-4005-AB1B-88653D4248A0}.Debug|Any CPU.Build.0 = Debug|Any CPU
		{09BBF3DD-9B01-4005-AB1B-88653D4248A0}.Release|Any CPU.ActiveCfg = Release|Any CPU
		{09BBF3DD-9B01-4005-AB1B-88653D4248A0}.Release|Any CPU.Build.0 = Release|Any CPU
		{EB673D64-44AF-46D1-A696-6822CCD88D2C}.Debug|Any CPU.ActiveCfg = Debug|Any CPU
		{EB673D64-44AF-46D1-A696-6822CCD88D2C}.Debug|Any CPU.Build.0 = Debug|Any CPU
		{EB673D64-44AF-46D1-A696-6822CCD88D2C}.Release|Any CPU.ActiveCfg = Release|Any CPU
		{EB673D64-44AF-46D1-A696-6822CCD88D2C}.Release|Any CPU.Build.0 = Release|Any CPU
	EndGlobalSection
	GlobalSection(SolutionProperties) = preSolution
		HideSolutionNode = FALSE
	EndGlobalSection
	GlobalSection(NestedProjects) = preSolution
		{95BE51D4-0195-4E0B-9A8B-DD737DF3B84B} = {E6AFB850-E9AE-44FD-860E-2C90592A9FA4}
		{AE7A1FCC-5590-4C9E-AF41-698965C6938A} = {E6AFB850-E9AE-44FD-860E-2C90592A9FA4}
		{EB673D64-44AF-46D1-A696-6822CCD88D2C} = {E6AFB850-E9AE-44FD-860E-2C90592A9FA4}
	EndGlobalSection
EndGlobal
